
Microsoft Visual Studio Solution File, Format Version 12.00
# Visual Studio Version 17
VisualStudioVersion = 17.2.32630.192
MinimumVisualStudioVersion = 10.0.40219.1
Project("{FAE04EC0-301F-11D3-BF4B-00C04F79EFBC}") = "price-calculator", "price-calculator.csproj", "{CD6BDD8B-4CE1-4CCC-9058-AB57139B4DDA}"
EndProject
Global
	GlobalSection(SolutionConfigurationPlatforms) = preSolution
		Debug|Any CPU = Debug|Any CPU
		Release|Any CPU = Release|Any CPU
	EndGlobalSection
	GlobalSection(ProjectConfigurationPlatforms) = postSolution
		{CD6BDD8B-4CE1-4CCC-9058-AB57139B4DDA}.Debug|Any CPU.ActiveCfg = Debug|Any CPU
		{CD6BDD8B-4CE1-4CCC-9058-AB57139B4DDA}.Debug|Any CPU.Build.0 = Debug|Any CPU
		{CD6BDD8B-4CE1-4CCC-9058-AB57139B4DDA}.Release|Any CPU.ActiveCfg = Release|Any CPU
		{CD6BDD8B-4CE1-4CCC-9058-AB57139B4DDA}.Release|Any CPU.Build.0 = Release|Any CPU
	EndGlobalSection
	GlobalSection(SolutionProperties) = preSolution
		HideSolutionNode = FALSE
	EndGlobalSection
	GlobalSection(ExtensibilityGlobals) = postSolution
		SolutionGuid = {FD71EC54-5C6F-4771-8854-194172C2C298}
	EndGlobalSection
EndGlobal
